PODS:
  - Alamofire (4.9.1)
  - CryptoSwift (0.15.0)
  - SnapKit (4.2.0)
  - SwiftyJSON (4.3.0)

DEPENDENCIES:
  - Alamofire (~> 4.0)
  - CryptoSwift (~> 0.15.0)
  - SnapKit (~> 4.0)
  - SwiftyJSON (~> 4.0)

SPEC REPOS:
  trunk:
    - Alamofire
    - CryptoSwift
    - SnapKit
    - SwiftyJSON

SPEC CHECKSUMS:
  Alamofire: 85e8a02c69d6020a0d734f6054870d7ecb75cf18
  CryptoSwift: 769f58a9e89f64e8796c2e59ce5f002dc81a2438
  SnapKit: fe8a619752f3f27075cc9a90244d75c6c3f27e2a
  SwiftyJSON: 6faa0040f8b59dead0ee07436cbf76b73c08fd08

PODFILE CHECKSUM: c262136e5cefb4d66d90cc5b3684eb8c1aa1ada4

COCOAPODS: 1.8.4
